[[package]]
name = "absl-py"
version = "0.12.0"
description = "Abseil Python Common Libraries, see https://github.com/abseil/abseil-py."
category = "main"
optional = false
python-versions = "*"

[package.dependencies]
six = "*"

[[package]]
name = "ortools"
version = "8.2.8710"
description = "Google OR-Tools python libraries and modules"
category = "main"
optional = false
python-versions = "*"

[package.dependencies]
absl-py = ">=0.11"
protobuf = ">=3.14.0"

[[package]]
name = "protobuf"
version = "3.15.7"
description = "Protocol Buffers"
category = "main"
optional = false
python-versions = "*"

[package.dependencies]
six = ">=1.9"

[[package]]
name = "six"
version = "1.15.0"
description = "Python 2 and 3 compatibility utilities"
category = "main"
optional = false
python-versions = ">=2.7, !=3.0.*, !=3.1.*, !=3.2.*"

[metadata]
lock-version = "1.1"
python-versions = "^3.9"
content-hash = "ba59ebcd1e432a9419a2396e3b03628445731a7cab2325dfe414344b4edcb04b"

[metadata.files]
absl-py = [
    {file = "absl-py-0.12.0.tar.gz", hash = "sha256:b44f68984a5ceb2607d135a615999b93924c771238a63920d17d3387b0d229d5"},
    {file = "absl_py-0.12.0-py3-none-any.whl", hash = "sha256:afe94e3c751ff81aad55d33ab6e630390da32780110b5af72ae81ecff8418d9e"},
]
ortools = [
    {file = "ortools-8.2.8710-cp36-cp36m-macosx_10_9_x86_64.whl", hash = "sha256:b79db31d9d306e5a731f6f34461c895f8f1dafcd9203b9b18d429c389c3e28c7"},
    {file = "ortools-8.2.8710-cp36-cp36m-manylinux1_x86_64.whl", hash = "sha256:8869b260078bad8fad9e51b4471ccf14e985c637b3497b8711fd5bf6e01863fe"},
    {file = "ortools-8.2.8710-cp36-cp36m-win_amd64.whl", hash = "sha256:0470b28db960ccdca59f738520209daadce3e18e94d219033d4a50d4cfa1484b"},
    {file = "ortools-8.2.8710-cp37-cp37m-macosx_10_9_x86_64.whl", hash = "sha256:c380e542f111b225311c077699caa7cd4f9084e066d586d4a0dadd674063a089"},
    {file = "ortools-8.2.8710-cp37-cp37m-manylinux1_x86_64.whl", hash = "sha256:b81d383ad8dec2fba41fa0129996177ec19ac9414bf132a998280065daa11b0c"},
    {file = "ortools-8.2.8710-cp37-cp37m-win_amd64.whl", hash = "sha256:1312cdd7bbdbe51871f5fc206c95fdea6b2a2315ff6d917df36f0ec1305b13cd"},
    {file = "ortools-8.2.8710-cp38-cp38-macosx_10_9_x86_64.whl", hash = "sha256:2e269c43eeb553bf3781953f47a38c4b3b86acec64d04ebc23406f2d1e812782"},
    {file = "ortools-8.2.8710-cp38-cp38-manylinux1_x86_64.whl", hash = "sha256:4531ca6285f4f2d813dac5e4bb63ce0d467cea49fe12b7162595aa8ef197b983"},
    {file = "ortools-8.2.8710-cp38-cp38-win_amd64.whl", hash = "sha256:8b6f022ac028875303f85b48821c728db8f4028558b5c71102a1ec897acdbfec"},
    {file = "ortools-8.2.8710-cp39-cp39-macosx_10_9_x86_64.whl", hash = "sha256:63f25d9746ccd91b6a8c423906a6c2547bd92be2e212d677d2f89724cf847b69"},
    {file = "ortools-8.2.8710-cp39-cp39-manylinux1_x86_64.whl", hash = "sha256:436860b7bf8ae389b7f34f8548c57f6f602acdf6df552b54cdca9559fb561fe5"},
    {file = "ortools-8.2.8710-cp39-cp39-win_amd64.whl", hash = "sha256:61292bdd01dbe254203580b5d3f9f45c1e192e3f743e205cf29d690c11c342b8"},
]
protobuf = [
    {file = "protobuf-3.15.7-cp27-cp27m-macosx_10_9_x86_64.whl", hash = "sha256:a14141d5c967362d2eedff8825d2b69cc36a5b3ed6b1f618557a04e58a3cf787"},
    {file = "protobuf-3.15.7-cp27-cp27mu-manylinux1_x86_64.whl", hash = "sha256:d54d78f621852ec4fdd1484d1263ca04d4bf5ffdf7abffdbb939e444b6ff3385"},
    {file = "protobuf-3.15.7-cp35-cp35m-macosx_10_9_intel.whl", hash = "sha256:462085acdb410b06335315fe7e63cb281a1902856e0f4657f341c283cedc1d56"},
    {file = "protobuf-3.15.7-cp35-cp35m-manylinux1_x86_64.whl", hash = "sha256:849c92ce112e1ef648705c29ce044248e350f71d9d54a2026830623198f0bd38"},
    {file = "protobuf-3.15.7-cp35-cp35m-win32.whl", hash = "sha256:1f6083382f7714700deadf3014e921711e2f807de7f27e40c32b744701ae5b99"},
    {file = "protobuf-3.15.7-cp35-cp35m-win_amd64.whl", hash = "sha256:e17f60f00081adcb32068ee0bb51e418f6474acf83424244ff3512ffd2166385"},
    {file = "protobuf-3.15.7-cp36-cp36m-macosx_10_9_x86_64.whl", hash = "sha256:6c75e563c6fb2ca5b8f21dd75c15659aa2c4a0025b9da3a7711ae661cd6a488d"},
    {file = "protobuf-3.15.7-cp36-cp36m-manylinux1_x86_64.whl", hash = "sha256:d939f41b4108350841c4790ebbadb61729e1363522fdb8434eb4e6f2065d0db1"},
    {file = "protobuf-3.15.7-cp36-cp36m-win32.whl", hash = "sha256:24f14c09d4c0a3641f1b0e9b552d026361de65b01686fdd3e5fdf8f9512cd79b"},
    {file = "protobuf-3.15.7-cp36-cp36m-win_amd64.whl", hash = "sha256:1247170191bcb2a8d978d11a58afe391004ec6c2184e4d961baf8102d43ff500"},
    {file = "protobuf-3.15.7-cp37-cp37m-macosx_10_9_x86_64.whl", hash = "sha256:364cadaeec0756afdc099cbd88cb5659bd1bb7d547168d063abcb0272ccbb2f6"},
    {file = "protobuf-3.15.7-cp37-cp37m-manylinux1_x86_64.whl", hash = "sha256:0c3a6941b1e6e6e22d812a8e5c46bfe83082ea60d262a46f2cfb22d9b9fb17db"},
    {file = "protobuf-3.15.7-cp37-cp37m-win32.whl", hash = "sha256:eb5668f3f6a83b6603ca2e09be5b20de89521ea5914aabe032cce981e4129cc8"},
    {file = "protobuf-3.15.7-cp37-cp37m-win_amd64.whl", hash = "sha256:1001e671cf8476edce7fb72778358d026390649cc35a79d47b2a291684ccfbb2"},
    {file = "protobuf-3.15.7-cp38-cp38-macosx_10_9_x86_64.whl", hash = "sha256:a5ba7dd6f97964655aa7b234c95d80886425a31b7010764f042cdeb985314d18"},
    {file = "protobuf-3.15.7-cp38-cp38-manylinux1_x86_64.whl", hash = "sha256:46674bd6fcf8c63b4b9869ba579685db67cf51ae966443dd6bd9a8fa00fcef62"},
    {file = "protobuf-3.15.7-cp39-cp39-macosx_10_9_x86_64.whl", hash = "sha256:4c4399156fb27e3768313b7a59352c861a893252bda6fb9f3643beb3ebb7047e"},
    {file = "protobuf-3.15.7-cp39-cp39-manylinux1_x86_64.whl", hash = "sha256:85cd29faf056036167d87445d5a5059034c298881c044e71a73d3b61a4be1c23"},
    {file = "protobuf-3.15.7-py2.py3-none-any.whl", hash = "sha256:22054432b923c0086f9cf1e1c0c52d39bf3c6e31014ea42eec2dabc22ee26d78"},
    {file = "protobuf-3.15.7.tar.gz", hash = "sha256:2d03fc2591543cd2456d0b72230b50c4519546a8d379ac6fd3ecd84c6df61e5d"},
]
six = [
    {file = "six-1.15.0-py2.py3-none-any.whl", hash = "sha256:8b74bedcbbbaca38ff6d7491d76f2b06b3592611af620f8426e82dddb04a5ced"},
    {file = "six-1.15.0.tar.gz", hash = "sha256:30639c035cdb23534cd4aa2dd52c3bf48f06e5f4a941509c8bafd8ce11080259"},
]
