[[package]]
name = "absl-py"
version = "0.12.0"
description = "Abseil Python Common Libraries, see https://github.com/abseil/abseil-py."
category = "main"
optional = false
python-versions = "*"

[package.dependencies]
six = "*"

[[package]]
name = "ortools"
version = "8.2.8710"
description = "Google OR-Tools python libraries and modules"
category = "main"
optional = false
python-versions = "*"

[package.dependencies]
absl-py = ">=0.11"
protobuf = ">=3.14.0"

[[package]]
name = "protobuf"
version = "3.15.8"
description = "Protocol Buffers"
category = "main"
optional = false
python-versions = "*"

[package.dependencies]
six = ">=1.9"

[[package]]
name = "six"
version = "1.15.0"
description = "Python 2 and 3 compatibility utilities"
category = "main"
optional = false
python-versions = ">=2.7, !=3.0.*, !=3.1.*, !=3.2.*"

[[package]]
name = "toml"
version = "0.10.2"
description = "Python Library for Tom's Obvious, Minimal Language"
category = "dev"
optional = false
python-versions = ">=2.6, !=3.0.*, !=3.1.*, !=3.2.*"

[[package]]
name = "yapf"
version = "0.31.0"
description = "A formatter for Python code."
category = "dev"
optional = false
python-versions = "*"

[metadata]
lock-version = "1.1"
python-versions = "^3.9"
content-hash = "55e2e33c4da25e42712ac6dad618aea959bb6ba08b0cf1031144332392b245de"

[metadata.files]
absl-py = [
    {file = "absl-py-0.12.0.tar.gz", hash = "sha256:b44f68984a5ceb2607d135a615999b93924c771238a63920d17d3387b0d229d5"},
    {file = "absl_py-0.12.0-py3-none-any.whl", hash = "sha256:afe94e3c751ff81aad55d33ab6e630390da32780110b5af72ae81ecff8418d9e"},
]
ortools = [
    {file = "ortools-8.2.8710-cp36-cp36m-macosx_10_9_x86_64.whl", hash = "sha256:b79db31d9d306e5a731f6f34461c895f8f1dafcd9203b9b18d429c389c3e28c7"},
    {file = "ortools-8.2.8710-cp36-cp36m-manylinux1_x86_64.whl", hash = "sha256:8869b260078bad8fad9e51b4471ccf14e985c637b3497b8711fd5bf6e01863fe"},
    {file = "ortools-8.2.8710-cp36-cp36m-win_amd64.whl", hash = "sha256:0470b28db960ccdca59f738520209daadce3e18e94d219033d4a50d4cfa1484b"},
    {file = "ortools-8.2.8710-cp37-cp37m-macosx_10_9_x86_64.whl", hash = "sha256:c380e542f111b225311c077699caa7cd4f9084e066d586d4a0dadd674063a089"},
    {file = "ortools-8.2.8710-cp37-cp37m-manylinux1_x86_64.whl", hash = "sha256:b81d383ad8dec2fba41fa0129996177ec19ac9414bf132a998280065daa11b0c"},
    {file = "ortools-8.2.8710-cp37-cp37m-win_amd64.whl", hash = "sha256:1312cdd7bbdbe51871f5fc206c95fdea6b2a2315ff6d917df36f0ec1305b13cd"},
    {file = "ortools-8.2.8710-cp38-cp38-macosx_10_9_x86_64.whl", hash = "sha256:2e269c43eeb553bf3781953f47a38c4b3b86acec64d04ebc23406f2d1e812782"},
    {file = "ortools-8.2.8710-cp38-cp38-manylinux1_x86_64.whl", hash = "sha256:4531ca6285f4f2d813dac5e4bb63ce0d467cea49fe12b7162595aa8ef197b983"},
    {file = "ortools-8.2.8710-cp38-cp38-win_amd64.whl", hash = "sha256:8b6f022ac028875303f85b48821c728db8f4028558b5c71102a1ec897acdbfec"},
    {file = "ortools-8.2.8710-cp39-cp39-macosx_10_9_x86_64.whl", hash = "sha256:63f25d9746ccd91b6a8c423906a6c2547bd92be2e212d677d2f89724cf847b69"},
    {file = "ortools-8.2.8710-cp39-cp39-manylinux1_x86_64.whl", hash = "sha256:436860b7bf8ae389b7f34f8548c57f6f602acdf6df552b54cdca9559fb561fe5"},
    {file = "ortools-8.2.8710-cp39-cp39-win_amd64.whl", hash = "sha256:61292bdd01dbe254203580b5d3f9f45c1e192e3f743e205cf29d690c11c342b8"},
]
protobuf = [
    {file = "protobuf-3.15.8-cp27-cp27m-macosx_10_9_x86_64.whl", hash = "sha256:fad4f971ec38d8df7f4b632c819bf9bbf4f57cfd7312cf526c69ce17ef32436a"},
    {file = "protobuf-3.15.8-cp27-cp27mu-manylinux1_x86_64.whl", hash = "sha256:f17b352d7ce33c81773cf81d536ca70849de6f73c96413f17309f4b43ae7040b"},
    {file = "protobuf-3.15.8-cp35-cp35m-macosx_10_9_intel.whl", hash = "sha256:4a054b0b5900b7ea7014099e783fb8c4618e4209fffcd6050857517b3f156e18"},
    {file = "protobuf-3.15.8-cp35-cp35m-manylinux1_x86_64.whl", hash = "sha256:efa4c4d4fc9ba734e5e85eaced70e1b63fb3c8d08482d839eb838566346f1737"},
    {file = "protobuf-3.15.8-cp35-cp35m-win32.whl", hash = "sha256:07eec4e2ccbc74e95bb9b3afe7da67957947ee95bdac2b2e91b038b832dd71f0"},
    {file = "protobuf-3.15.8-cp35-cp35m-win_amd64.whl", hash = "sha256:f9cadaaa4065d5dd4d15245c3b68b967b3652a3108e77f292b58b8c35114b56c"},
    {file = "protobuf-3.15.8-cp36-cp36m-macosx_10_9_x86_64.whl", hash = "sha256:2dc0e8a9e4962207bdc46a365b63a3f1aca6f9681a5082a326c5837ef8f4b745"},
    {file = "protobuf-3.15.8-cp36-cp36m-manylinux1_x86_64.whl", hash = "sha256:f80afc0a0ba13339bbab25ca0409e9e2836b12bb012364c06e97c2df250c3343"},
    {file = "protobuf-3.15.8-cp36-cp36m-win32.whl", hash = "sha256:c5566f956a26cda3abdfacc0ca2e21db6c9f3d18f47d8d4751f2209d6c1a5297"},
    {file = "protobuf-3.15.8-cp36-cp36m-win_amd64.whl", hash = "sha256:dab75b56a12b1ceb3e40808b5bd9dfdaef3a1330251956e6744e5b6ed8f8830b"},
    {file = "protobuf-3.15.8-cp37-cp37m-macosx_10_9_x86_64.whl", hash = "sha256:3053f13207e7f13dc7be5e9071b59b02020172f09f648e85dc77e3fcb50d1044"},
    {file = "protobuf-3.15.8-cp37-cp37m-manylinux1_x86_64.whl", hash = "sha256:1f0b5d156c3df08cc54bc2c8b8b875648ea4cd7ebb2a9a130669f7547ec3488c"},
    {file = "protobuf-3.15.8-cp37-cp37m-win32.whl", hash = "sha256:90270fe5732c1f1ff664a3bd7123a16456d69b4e66a09a139a00443a32f210b8"},
    {file = "protobuf-3.15.8-cp37-cp37m-win_amd64.whl", hash = "sha256:f42c2f5fb67da5905bfc03733a311f72fa309252bcd77c32d1462a1ad519521e"},
    {file = "protobuf-3.15.8-cp38-cp38-macosx_10_9_x86_64.whl", hash = "sha256:f6077db37bfa16494dca58a4a02bfdacd87662247ad6bc1f7f8d13ff3f0013e1"},
    {file = "protobuf-3.15.8-cp38-cp38-manylinux1_x86_64.whl", hash = "sha256:510e66491f1a5ac5953c908aa8300ec47f793130097e4557482803b187a8ee05"},
    {file = "protobuf-3.15.8-cp39-cp39-macosx_10_9_x86_64.whl", hash = "sha256:5ff9fa0e67fcab442af9bc8d4ec3f82cb2ff3be0af62dba047ed4187f0088b7d"},
    {file = "protobuf-3.15.8-cp39-cp39-manylinux1_x86_64.whl", hash = "sha256:1c0e9e56202b9dccbc094353285a252e2b7940b74fdf75f1b4e1b137833fabd7"},
    {file = "protobuf-3.15.8-py2.py3-none-any.whl", hash = "sha256:a0a08c6b2e6d6c74a6eb5bf6184968eefb1569279e78714e239d33126e753403"},
    {file = "protobuf-3.15.8.tar.gz", hash = "sha256:0277f62b1e42210cafe79a71628c1d553348da81cbd553402a7f7549c50b11d0"},
]
six = [
    {file = "six-1.15.0-py2.py3-none-any.whl", hash = "sha256:8b74bedcbbbaca38ff6d7491d76f2b06b3592611af620f8426e82dddb04a5ced"},
    {file = "six-1.15.0.tar.gz", hash = "sha256:30639c035cdb23534cd4aa2dd52c3bf48f06e5f4a941509c8bafd8ce11080259"},
]
toml = [
    {file = "toml-0.10.2-py2.py3-none-any.whl", hash = "sha256:806143ae5bfb6a3c6e736a764057db0e6a0e05e338b5630894a5f779cabb4f9b"},
    {file = "toml-0.10.2.tar.gz", hash = "sha256:b3bda1d108d5dd99f4a20d24d9c348e91c4db7ab1b749200bded2f839ccbe68f"},
]
yapf = [
    {file = "yapf-0.31.0-py2.py3-none-any.whl", hash = "sha256:e3a234ba8455fe201eaa649cdac872d590089a18b661e39bbac7020978dd9c2e"},
    {file = "yapf-0.31.0.tar.gz", hash = "sha256:408fb9a2b254c302f49db83c59f9aa0b4b0fd0ec25be3a5c51181327922ff63d"},
]
